
Microsoft Visual Studio Solution File, Format Version 12.00
# Visual Studio Version 17
VisualStudioVersion = 17.5.33516.290
MinimumVisualStudioVersion = 10.0.40219.1
Project("{9A19103F-16F7-4668-BE54-9A1E7A4F7556}") = "CardService.API", "CardService.API\CardService.API.csproj", "{63216C79-28BA-4625-94B4-AEDAFA9FF7BF}"
EndProject
Project("{9A19103F-16F7-4668-BE54-9A1E7A4F7556}") = "CardService.Application", "CardService.Application\CardService.Application.csproj", "{9BEF63D8-617C-4C62-B806-9223BAC9014A}"
EndProject
Project("{9A19103F-16F7-4668-BE54-9A1E7A4F7556}") = "CardService.Domain", "CardService.Domain\CardService.Domain.csproj", "{74E3A4D4-8A8A-43A6-A88C-EAC1136F9BCE}"
EndProject
Project("{9A19103F-16F7-4668-BE54-9A1E7A4F7556}") = "CardService.Infrastructure", "CardService.Infrastructure\CardService.Infrastructure.csproj", "{D7378DDB-4CF3-45FE-91B3-18095077D04B}"
EndProject
Project("{FAE04EC0-301F-11D3-BF4B-00C04F79EFBC}") = "CardService.UnitTests", "CardService.UnitTests\CardService.UnitTests.csproj", "{A0083B54-9B01-42E6-8533-1B4CB2A61D40}"
EndProject
Global
	GlobalSection(SolutionConfigurationPlatforms) = preSolution
		Debug|Any CPU = Debug|Any CPU
		Release|Any CPU = Release|Any CPU
	EndGlobalSection
	GlobalSection(ProjectConfigurationPlatforms) = postSolution
		{63216C79-28BA-4625-94B4-AEDAFA9FF7BF}.Debug|Any CPU.ActiveCfg = Debug|Any CPU
		{63216C79-28BA-4625-94B4-AEDAFA9FF7BF}.Debug|Any CPU.Build.0 = Debug|Any CPU
		{63216C79-28BA-4625-94B4-AEDAFA9FF7BF}.Release|Any CPU.ActiveCfg = Release|Any CPU
		{63216C79-28BA-4625-94B4-AEDAFA9FF7BF}.Release|Any CPU.Build.0 = Release|Any CPU
		{9BEF63D8-617C-4C62-B806-9223BAC9014A}.Debug|Any CPU.ActiveCfg = Debug|Any CPU
		{9BEF63D8-617C-4C62-B806-9223BAC9014A}.Debug|Any CPU.Build.0 = Debug|Any CPU
		{9BEF63D8-617C-4C62-B806-9223BAC9014A}.Release|Any CPU.ActiveCfg = Release|Any CPU
		{9BEF63D8-617C-4C62-B806-9223BAC9014A}.Release|Any CPU.Build.0 = Release|Any CPU
		{74E3A4D4-8A8A-43A6-A88C-EAC1136F9BCE}.Debug|Any CPU.ActiveCfg = Debug|Any CPU
		{74E3A4D4-8A8A-43A6-A88C-EAC1136F9BCE}.Debug|Any CPU.Build.0 = Debug|Any CPU
		{74E3A4D4-8A8A-43A6-A88C-EAC1136F9BCE}.Release|Any CPU.ActiveCfg = Release|Any CPU
		{74E3A4D4-8A8A-43A6-A88C-EAC1136F9BCE}.Release|Any CPU.Build.0 = Release|Any CPU
		{D7378DDB-4CF3-45FE-91B3-18095077D04B}.Debug|Any CPU.ActiveCfg = Debug|Any CPU
		{D7378DDB-4CF3-45FE-91B3-18095077D04B}.Debug|Any CPU.Build.0 = Debug|Any CPU
		{D7378DDB-4CF3-45FE-91B3-18095077D04B}.Release|Any CPU.ActiveCfg = Release|Any CPU
		{D7378DDB-4CF3-45FE-91B3-18095077D04B}.Release|Any CPU.Build.0 = Release|Any CPU
		{A0083B54-9B01-42E6-8533-1B4CB2A61D40}.Debug|Any CPU.ActiveCfg = Debug|Any CPU
		{A0083B54-9B01-42E6-8533-1B4CB2A61D40}.Debug|Any CPU.Build.0 = Debug|Any CPU
		{A0083B54-9B01-42E6-8533-1B4CB2A61D40}.Release|Any CPU.ActiveCfg = Release|Any CPU
		{A0083B54-9B01-42E6-8533-1B4CB2A61D40}.Release|Any CPU.Build.0 = Release|Any CPU
	EndGlobalSection
	GlobalSection(SolutionProperties) = preSolution
		HideSolutionNode = FALSE
	EndGlobalSection
	GlobalSection(ExtensibilityGlobals) = postSolution
		SolutionGuid = {58C071CC-D237-49E2-94EC-4597B63CCBC8}
	EndGlobalSection
EndGlobal
